// !$*UTF8*$!
{
	archiveVersion = 1;
	classes = {
	};
	objectVersion = 50;
	objects = {

/* Begin PBXBuildFile section */
		DE067501259B22030008AB3E /* AppDelegate.swift in Sources */ = {isa = PBXBuildFile; fileRef = DE067500259B22030008AB3E /* AppDelegate.swift */; };
		DE067503259B22030008AB3E /* SceneDelegate.swift in Sources */ = {isa = PBXBuildFile; fileRef = DE067502259B22030008AB3E /* SceneDelegate.swift */; };
		DE067505259B22030008AB3E /* ViewController.swift in Sources */ = {isa = PBXBuildFile; fileRef = DE067504259B22030008AB3E /* ViewController.swift */; };
		DE067508259B22030008AB3E /* Main.storyboard in Resources */ = {isa = PBXBuildFile; fileRef = DE067506259B22030008AB3E /* Main.storyboard */; };
		DE06750A259B22050008AB3E /* Assets.xcassets in Resources */ = {isa = PBXBuildFile; fileRef = DE067509259B22050008AB3E /* Assets.xcassets */; };
		DE06750D259B22050008AB3E /* LaunchScreen.storyboard in Resources */ = {isa = PBXBuildFile; fileRef = DE06750B259B22050008AB3E /* LaunchScreen.storyboard */; };
		DE067517259B23430008AB3E /* myCollectionViewCell.swift in Sources */ = {isa = PBXBuildFile; fileRef = DE067516259B23430008AB3E /* myCollectionViewCell.swift */; };
		DE067519259B24850008AB3E /* Data.swift in Sources */ = {isa = PBXBuildFile; fileRef = DE067518259B24850008AB3E /* Data.swift */; };
/* End PBXBuildFile section */

/* Begin PBXFileReference section */
		DE0674FD259B22030008AB3E /* Collection View Demo.app */ = {isa = PBXFileReference; explicitFileType = wrapper.application; includeInIndex = 0; path = "Collection View Demo.app"; sourceTree = BUILT_PRODUCTS_DIR; };
		DE067500259B22030008AB3E /* AppDelegate.swift */ = {isa = PBXFileReference; lastKnownFileType = sourcecode.swift; path = AppDelegate.swift; sourceTree = "<group>"; };
		DE067502259B22030008AB3E /* SceneDelegate.swift */ = {isa = PBXFileReference; lastKnownFileType = sourcecode.swift; path = SceneDelegate.swift; sourceTree = "<group>"; };
		DE067504259B22030008AB3E /* ViewController.swift */ = {isa = PBXFileReference; lastKnownFileType = sourcecode.swift; path = ViewController.swift; sourceTree = "<group>"; };
		DE067507259B22030008AB3E /* Base */ = {isa = PBXFileReference; lastKnownFileType = file.storyboard; name = Base; path = Base.lproj/Main.storyboard; sourceTree = "<group>"; };
		DE067509259B22050008AB3E /* Assets.xcassets */ = {isa = PBXFileReference; lastKnownFileType = folder.assetcatalog; path = Assets.xcassets; sourceTree = "<group>"; };
		DE06750C259B22050008AB3E /* Base */ = {isa = PBXFileReference; lastKnownFileType = file.storyboard; name = Base; path = Base.lproj/LaunchScreen.storyboard; sourceTree = "<group>"; };
		DE06750E259B22050008AB3E /* Info.plist */ = {isa = PBXFileReference; lastKnownFileType = text.plist.xml; path = Info.plist; sourceTree = "<group>"; };
		DE067516259B23430008AB3E /* myCollectionViewCell.swift */ = {isa = PBXFileReference; lastKnownFileType = sourcecode.swift; path = myCollectionViewCell.swift; sourceTree = "<group>"; };
		DE067518259B24850008AB3E /* Data.swift */ = {isa = PBXFileReference; lastKnownFileType = sourcecode.swift; path = Data.swift; sourceTree = "<group>"; };
/* End PBXFileReference section */

/* Begin PBXFrameworksBuildPhase section */
		DE0674FA259B22030008AB3E /* Frameworks */ = {
			isa = PBXFrameworksBuildPhase;
			buildActionMask = 2147483647;
			files = (
			);
			runOnlyForDeploymentPostprocessing = 0;
		};
/* End PBXFrameworksBuildPhase section */

/* Begin PBXGroup section */
		DE0674F4259B22030008AB3E = {
			isa = PBXGroup;
			children = (
				DE0674FF259B22030008AB3E /* Collection View Demo */,
				DE0674FE259B22030008AB3E /* Products */,
			);
			sourceTree = "<group>";
		};
		DE0674FE259B22030008AB3E /* Products */ = {
			isa = PBXGroup;
			children = (
				DE0674FD259B22030008AB3E /* Collection View Demo.app */,
			);
			name = Products;
			sourceTree = "<group>";
		};
		DE0674FF259B22030008AB3E /* Collection View Demo */ = {
			isa = PBXGroup;
			children = (
				DE067514259B23170008AB3E /* Controller & Cell */,
				DE067518259B24850008AB3E /* Data.swift */,
				DE067500259B22030008AB3E /* AppDelegate.swift */,
				DE067502259B22030008AB3E /* SceneDelegate.swift */,
				DE067506259B22030008AB3E /* Main.storyboard */,
				DE067509259B22050008AB3E /* Assets.xcassets */,
				DE06750B259B22050008AB3E /* LaunchScreen.storyboard */,
				DE06750E259B22050008AB3E /* Info.plist */,
			);
			path = "Collection View Demo";
			sourceTree = "<group>";
		};
		DE067514259B23170008AB3E /* Controller & Cell */ = {
			isa = PBXGroup;
			children = (
				DE067504259B22030008AB3E /* ViewController.swift */,
				DE067516259B23430008AB3E /* myCollectionViewCell.swift */,
			);
			path = "Controller & Cell";
			sourceTree = "<group>";
		};
/* End PBXGroup section */

/* Begin PBXNativeTarget section */
		DE0674FC259B22030008AB3E /* Collection View Demo */ = {
			isa = PBXNativeTarget;
			buildConfigurationList = DE067511259B22050008AB3E /* Build configuration list for PBXNativeTarget "Collection View Demo" */;
			buildPhases = (
				DE0674F9259B22030008AB3E /* Sources */,
				DE0674FA259B22030008AB3E /* Frameworks */,
				DE0674FB259B22030008AB3E /* Resources */,
			);
			buildRules = (
			);
			dependencies = (
			);
			name = "Collection View Demo";
			productName = "Collection View Demo";
			productReference = DE0674FD259B22030008AB3E /* Collection View Demo.app */;
			productType = "com.apple.product-type.application";
		};
/* End PBXNativeTarget section */

/* Begin PBXProject section */
		DE0674F5259B22030008AB3E /* Project object */ = {
			isa = PBXProject;
			attributes = {
				LastSwiftUpdateCheck = 1110;
				LastUpgradeCheck = 1110;
				ORGANIZATIONNAME = "Adwait Barkale";
				TargetAttributes = {
					DE0674FC259B22030008AB3E = {
						CreatedOnToolsVersion = 11.1;
					};
				};
			};
			buildConfigurationList = DE0674F8259B22030008AB3E /* Build configuration list for PBXProject "Collection View Demo" */;
			compatibilityVersion = "Xcode 9.3";
			developmentRegion = en;
			hasScannedForEncodings = 0;
			knownRegions = (
				en,
				Base,
			);
			mainGroup = DE0674F4259B22030008AB3E;
			productRefGroup = DE0674FE259B22030008AB3E /* Products */;
			projectDirPath = "";
			projectRoot = "";
			targets = (
				DE0674FC259B22030008AB3E /* Collection View Demo */,
			);
		};
/* End PBXProject section */

/* Begin PBXResourcesBuildPhase section */
		DE0674FB259B22030008AB3E /* Resources */ = {
			isa = PBXResourcesBuildPhase;
			buildActionMask = 2147483647;
			files = (
				DE06750D259B22050008AB3E /* LaunchScreen.storyboard in Resources */,
				DE06750A259B22050008AB3E /* Assets.xcassets in Resources */,
				DE067508259B22030008AB3E /* Main.storyboard in Resources */,
			);
			runOnlyForDeploymentPostprocessing = 0;
		};
/* End PBXResourcesBuildPhase section */

/* Begin PBXSourcesBuildPhase section */
		DE0674F9259B22030008AB3E /* Sources */ = {
			isa = PBXSourcesBuildPhase;
			buildActionMask = 2147483647;
			files = (
				DE067505259B22030008AB3E /* ViewController.swift in Sources */,
				DE067519259B24850008AB3E /* Data.swift in Sources */,
				DE067501259B22030008AB3E /* AppDelegate.swift in Sources */,
				DE067517259B23430008AB3E /* myCollectionViewCell.swift in Sources */,
				DE067503259B22030008AB3E /* SceneDelegate.swift in Sources */,
			);
			runOnlyForDeploymentPostprocessing = 0;
		};
/* End PBXSourcesBuildPhase section */

/* Begin PBXVariantGroup section */
		DE067506259B22030008AB3E /* Main.storyboard */ = {
			isa = PBXVariantGroup;
			children = (
				DE067507259B22030008AB3E /* Base */,
			);
			name = Main.storyboard;
			sourceTree = "<group>";
		};
		DE06750B259B22050008AB3E /* LaunchScreen.storyboard */ = {
			isa = PBXVariantGroup;
			children = (
				DE06750C259B22050008AB3E /* Base */,
			);
			name = LaunchScreen.storyboard;
			sourceTree = "<group>";
		};
/* End PBXVariantGroup section */

/* Begin XCBuildConfiguration section */
		DE06750F259B22050008AB3E /* Debug */ = {
			isa = XCBuildConfiguration;
			buildSettings = {
				ALWAYS_SEARCH_USER_PATHS = NO;
				CLANG_ANALYZER_NONNULL = YES;
				CLANG_ANALYZER_NUMBER_OBJECT_CONVERSION = YES_AGGRESSIVE;
				CLANG_CXX_LANGUAGE_STANDARD = "gnu++14";
				CLANG_CXX_LIBRARY = "libc++";
				CLANG_ENABLE_MODULES = YES;
				CLANG_ENABLE_OBJC_ARC = YES;
				CLANG_ENABLE_OBJC_WEAK = YES;
				CLANG_WARN_BLOCK_CAPTURE_AUTORELEASING = YES;
				CLANG_WARN_BOOL_CONVERSION = YES;
				CLANG_WARN_COMMA = YES;
				CLANG_WARN_CONSTANT_CONVERSION = YES;
				CLANG_WARN_DEPRECATED_OBJC_IMPLEMENTATIONS = YES;
				CLANG_WARN_DIRECT_OBJC_ISA_USAGE = YES_ERROR;
				CLANG_WARN_DOCUMENTATION_COMMENTS = YES;
				CLANG_WARN_EMPTY_BODY = YES;
				CLANG_WARN_ENUM_CONVERSION = YES;
				CLANG_WARN_INFINITE_RECURSION = YES;
				CLANG_WARN_INT_CONVERSION = YES;
				CLANG_WARN_NON_LITERAL_NULL_CONVERSION = YES;
				CLANG_WARN_OBJC_IMPLICIT_RETAIN_SELF = YES;
				CLANG_WARN_OBJC_LITERAL_CONVERSION = YES;
				CLANG_WARN_OBJC_ROOT_CLASS = YES_ERROR;
				CLANG_WARN_RANGE_LOOP_ANALYSIS = YES;
				CLANG_WARN_STRICT_PROTOTYPES = YES;
				CLANG_WARN_SUSPICIOUS_MOVE = YES;
				CLANG_WARN_UNGUARDED_AVAILABILITY = YES_AGGRESSIVE;
				CLANG_WARN_UNREACHABLE_CODE = YES;
				CLANG_WARN__DUPLICATE_METHOD_MATCH = YES;
				COPY_PHASE_STRIP = NO;
				DEBUG_INFORMATION_FORMAT = dwarf;
				ENABLE_STRICT_OBJC_MSGSEND = YES;
				ENABLE_TESTABILITY = YES;
				GCC_C_LANGUAGE_STANDARD = gnu11;
				GCC_DYNAMIC_NO_PIC = NO;
				GCC_NO_COMMON_BLOCKS = YES;
				GCC_OPTIMIZATION_LEVEL = 0;
				GCC_PREPROCESSOR_DEFINITIONS = (
					"DEBUG=1",
					"$(inherited)",
				);
				GCC_WARN_64_TO_32_BIT_CONVERSION = YES;
				GCC_WARN_ABOUT_RETURN_TYPE = YES_ERROR;
				GCC_WARN_UNDECLARED_SELECTOR = YES;
				GCC_WARN_UNINITIALIZED_AUTOS = YES_AGGRESSIVE;
				GCC_WARN_UNUSED_FUNCTION = YES;
				GCC_WARN_UNUSED_VARIABLE = YES;
				IPHONEOS_DEPLOYMENT_TARGET = 13.1;
				MTL_ENABLE_DEBUG_INFO = INCLUDE_SOURCE;
				MTL_FAST_MATH = YES;
				ONLY_ACTIVE_ARCH = YES;
				SDKROOT = iphoneos;
				SWIFT_ACTIVE_COMPILATION_CONDITIONS = DEBUG;
				SWIFT_OPTIMIZATION_LEVEL = "-Onone";
			};
			name = Debug;
		};
		DE067510259B22050008AB3E /* Release */ = {
			isa = XCBuildConfiguration;
			buildSettings = {
				ALWAYS_SEARCH_USER_PATHS = NO;
				CLANG_ANALYZER_NONNULL = YES;
				CLANG_ANALYZER_NUMBER_OBJECT_CONVERSION = YES_AGGRESSIVE;
				CLANG_CXX_LANGUAGE_STANDARD = "gnu++14";
				CLANG_CXX_LIBRARY = "libc++";
				CLANG_ENABLE_MODULES = YES;
				CLANG_ENABLE_OBJC_ARC = YES;
				CLANG_ENABLE_OBJC_WEAK = YES;
				CLANG_WARN_BLOCK_CAPTURE_AUTORELEASING = YES;
				CLANG_WARN_BOOL_CONVERSION = YES;
				CLANG_WARN_COMMA = YES;
				CLANG_WARN_CONSTANT_CONVERSION = YES;
				CLANG_WARN_DEPRECATED_OBJC_IMPLEMENTATIONS = YES;
				CLANG_WARN_DIRECT_OBJC_ISA_USAGE = YES_ERROR;
				CLANG_WARN_DOCUMENTATION_COMMENTS = YES;
				CLANG_WARN_EMPTY_BODY = YES;
				CLANG_WARN_ENUM_CONVERSION = YES;
				CLANG_WARN_INFINITE_RECURSION = YES;
				CLANG_WARN_INT_CONVERSION = YES;
				CLANG_WARN_NON_LITERAL_NULL_CONVERSION = YES;
				CLANG_WARN_OBJC_IMPLICIT_RETAIN_SELF = YES;
				CLANG_WARN_OBJC_LITERAL_CONVERSION = YES;
				CLANG_WARN_OBJC_ROOT_CLASS = YES_ERROR;
				CLANG_WARN_RANGE_LOOP_ANALYSIS = YES;
				CLANG_WARN_STRICT_PROTOTYPES = YES;
				CLANG_WARN_SUSPICIOUS_MOVE = YES;
				CLANG_WARN_UNGUARDED_AVAILABILITY = YES_AGGRESSIVE;
				CLANG_WARN_UNREACHABLE_CODE = YES;
				CLANG_WARN__DUPLICATE_METHOD_MATCH = YES;
				COPY_PHASE_STRIP = NO;
				DEBUG_INFORMATION_FORMAT = "dwarf-with-dsym";
				ENABLE_NS_ASSERTIONS = NO;
				ENABLE_STRICT_OBJC_MSGSEND = YES;
				GCC_C_LANGUAGE_STANDARD = gnu11;
				GCC_NO_COMMON_BLOCKS = YES;
				GCC_WARN_64_TO_32_BIT_CONVERSION = YES;
				GCC_WARN_ABOUT_RETURN_TYPE = YES_ERROR;
				GCC_WARN_UNDECLARED_SELECTOR = YES;
				GCC_WARN_UNINITIALIZED_AUTOS = YES_AGGRESSIVE;
				GCC_WARN_UNUSED_FUNCTION = YES;
				GCC_WARN_UNUSED_VARIABLE = YES;
				IPHONEOS_DEPLOYMENT_TARGET = 13.1;
				MTL_ENABLE_DEBUG_INFO = NO;
				MTL_FAST_MATH = YES;
				SDKROOT = iphoneos;
				SWIFT_COMPILATION_MODE = wholemodule;
				SWIFT_OPTIMIZATION_LEVEL = "-O";
				VALIDATE_PRODUCT = YES;
			};
			name = Release;
		};
		DE067512259B22050008AB3E /* Debug */ = {
			isa = XCBuildConfiguration;
			buildSettings = {
				ASSETCATALOG_COMPILER_APPICON_NAME = AppIcon;
				CODE_SIGN_STYLE = Automatic;
				DEVELOPMENT_TEAM = S59B8CL687;
				INFOPLIST_FILE = "Collection View Demo/Info.plist";
				LD_RUNPATH_SEARCH_PATHS = (
					"$(inherited)",
					"@executable_path/Frameworks",
				);
				PRODUCT_BUNDLE_IDENTIFIER = "com.Adwait.Collection-View-Demo";
				PRODUCT_NAME = "$(TARGET_NAME)";
				SWIFT_VERSION = 5.0;
				TARGETED_DEVICE_FAMILY = "1,2";
			};
			name = Debug;
		};
		DE067513259B22050008AB3E /* Release */ = {
			isa = XCBuildConfiguration;
			buildSettings = {
				ASSETCATALOG_COMPILER_APPICON_NAME = AppIcon;
				CODE_SIGN_STYLE = Automatic;
				DEVELOPMENT_TEAM = S59B8CL687;
				INFOPLIST_FILE = "Collection View Demo/Info.plist";
				LD_RUNPATH_SEARCH_PATHS = (
					"$(inherited)",
					"@executable_path/Frameworks",
				);
				PRODUCT_BUNDLE_IDENTIFIER = "com.Adwait.Collection-View-Demo";
				PRODUCT_NAME = "$(TARGET_NAME)";
				SWIFT_VERSION = 5.0;
				TARGETED_DEVICE_FAMILY = "1,2";
			};
			name = Release;
		};
/* End XCBuildConfiguration section */

/* Begin XCConfigurationList section */
		DE0674F8259B22030008AB3E /* Build configuration list for PBXProject "Collection View Demo" */ = {
			isa = XCConfigurationList;
			buildConfigurations = (
				DE06750F259B22050008AB3E /* Debug */,
				DE067510259B22050008AB3E /* Release */,
			);
			defaultConfigurationIsVisible = 0;
			defaultConfigurationName = Release;
		};
		DE067511259B22050008AB3E /* Build configuration list for PBXNativeTarget "Collection View Demo" */ = {
			isa = XCConfigurationList;
			buildConfigurations = (
				DE067512259B22050008AB3E /* Debug */,
				DE067513259B22050008AB3E /* Release */,
			);
			defaultConfigurationIsVisible = 0;
			defaultConfigurationName = Release;
		};
/* End XCConfigurationList section */
	};
	rootObject = DE0674F5259B22030008AB3E /* Project object */;
}
